// !$*UTF8*$!
{
	archiveVersion = 1;
	classes = {
	};
	objectVersion = 46;
	objects = {

/* Begin PBXBuildFile section */
		53FCD1021CA0313B0076DD14 /* AppDelegate.swift in Sources */ = {isa = PBXBuildFile; fileRef = 53FCD1011CA0313B0076DD14 /* AppDelegate.swift */; };
		53FCD1041CA0313B0076DD14 /* ViewController.swift in Sources */ = {isa = PBXBuildFile; fileRef = 53FCD1031CA0313B0076DD14 /* ViewController.swift */; };
		53FCD1071CA0313B0076DD14 /* Main.storyboard in Resources */ = {isa = PBXBuildFile; fileRef = 53FCD1051CA0313B0076DD14 /* Main.storyboard */; };
		53FCD1091CA0313B0076DD14 /* Assets.xcassets in Resources */ = {isa = PBXBuildFile; fileRef = 53FCD1081CA0313B0076DD14 /* Assets.xcassets */; };
		53FCD10C1CA0313B0076DD14 /* LaunchScreen.storyboard in Resources */ = {isa = PBXBuildFile; fileRef = 53FCD10A1CA0313B0076DD14 /* LaunchScreen.storyboard */; };
		53FCD1171CA0313B0076DD14 /* NoteBookTests.swift in Sources */ = {isa = PBXBuildFile; fileRef = 53FCD1161CA0313B0076DD14 /* NoteBookTests.swift */; };
/* End PBXBuildFile section */

/* Begin PBXContainerItemProxy section */
		53FCD1131CA0313B0076DD14 /* PBXContainerItemProxy */ = {
			isa = PBXContainerItemProxy;
			containerPortal = 53FCD0F61CA0313B0076DD14 /* Project object */;
			proxyType = 1;
			remoteGlobalIDString = 53FCD0FD1CA0313B0076DD14;
			remoteInfo = NoteBook;
		};
/* End PBXContainerItemProxy section */

/* Begin PBXFileReference section */
		53FCD0FE1CA0313B0076DD14 /* NoteBook.app */ = {isa = PBXFileReference; explicitFileType = wrapper.application; includeInIndex = 0; path = NoteBook.app; sourceTree = BUILT_PRODUCTS_DIR; };
		53FCD1011CA0313B0076DD14 /* AppDelegate.swift */ = {isa = PBXFileReference; lastKnownFileType = sourcecode.swift; path = AppDelegate.swift; sourceTree = "<group>"; };
		53FCD1031CA0313B0076DD14 /* ViewController.swift */ = {isa = PBXFileReference; lastKnownFileType = sourcecode.swift; path = ViewController.swift; sourceTree = "<group>"; };
		53FCD1061CA0313B0076DD14 /* Base */ = {isa = PBXFileReference; lastKnownFileType = file.storyboard; name = Base; path = Base.lproj/Main.storyboard; sourceTree = "<group>"; };
		53FCD1081CA0313B0076DD14 /* Assets.xcassets */ = {isa = PBXFileReference; lastKnownFileType = folder.assetcatalog; path = Assets.xcassets; sourceTree = "<group>"; };
		53FCD10B1CA0313B0076DD14 /* Base */ = {isa = PBXFileReference; lastKnownFileType = file.storyboard; name = Base; path = Base.lproj/LaunchScreen.storyboard; sourceTree = "<group>"; };
		53FCD10D1CA0313B0076DD14 /* Info.plist */ = {isa = PBXFileReference; lastKnownFileType = text.plist.xml; path = Info.plist; sourceTree = "<group>"; };
		53FCD1121CA0313B0076DD14 /* NoteBookTests.xctest */ = {isa = PBXFileReference; explicitFileType = wrapper.cfbundle; includeInIndex = 0; path = NoteBookTests.xctest; sourceTree = BUILT_PRODUCTS_DIR; };
		53FCD1161CA0313B0076DD14 /* NoteBookTests.swift */ = {isa = PBXFileReference; lastKnownFileType = sourcecode.swift; path = NoteBookTests.swift; sourceTree = "<group>"; };
		53FCD1181CA0313B0076DD14 /* Info.plist */ = {isa = PBXFileReference; lastKnownFileType = text.plist.xml; path = Info.plist; sourceTree = "<group>"; };
/* End PBXFileReference section */

/* Begin PBXFrameworksBuildPhase section */
		53FCD0FB1CA0313B0076DD14 /* Frameworks */ = {
			isa = PBXFrameworksBuildPhase;
			buildActionMask = 2147483647;
			files = (
			);
			runOnlyForDeploymentPostprocessing = 0;
		};
		53FCD10F1CA0313B0076DD14 /* Frameworks */ = {
			isa = PBXFrameworksBuildPhase;
			buildActionMask = 2147483647;
			files = (
			);
			runOnlyForDeploymentPostprocessing = 0;
		};
/* End PBXFrameworksBuildPhase section */

/* Begin PBXGroup section */
		53FCD0F51CA0313B0076DD14 = {
			isa = PBXGroup;
			children = (
				53FCD1001CA0313B0076DD14 /* NoteBook */,
				53FCD1151CA0313B0076DD14 /* NoteBookTests */,
				53FCD0FF1CA0313B0076DD14 /* Products */,
			);
			sourceTree = "<group>";
		};
		53FCD0FF1CA0313B0076DD14 /* Products */ = {
			isa = PBXGroup;
			children = (
				53FCD0FE1CA0313B0076DD14 /* NoteBook.app */,
				53FCD1121CA0313B0076DD14 /* NoteBookTests.xctest */,
			);
			name = Products;
			sourceTree = "<group>";
		};
		53FCD1001CA0313B0076DD14 /* NoteBook */ = {
			isa = PBXGroup;
			children = (
				53FCD1011CA0313B0076DD14 /* AppDelegate.swift */,
				53FCD1031CA0313B0076DD14 /* ViewController.swift */,
				53FCD1051CA0313B0076DD14 /* Main.storyboard */,
				53FCD1081CA0313B0076DD14 /* Assets.xcassets */,
				53FCD10A1CA0313B0076DD14 /* LaunchScreen.storyboard */,
				53FCD10D1CA0313B0076DD14 /* Info.plist */,
			);
			path = NoteBook;
			sourceTree = "<group>";
		};
		53FCD1151CA0313B0076DD14 /* NoteBookTests */ = {
			isa = PBXGroup;
			children = (
				53FCD1161CA0313B0076DD14 /* NoteBookTests.swift */,
				53FCD1181CA0313B0076DD14 /* Info.plist */,
			);
			path = NoteBookTests;
			sourceTree = "<group>";
		};
/* End PBXGroup section */

/* Begin PBXNativeTarget section */
		53FCD0FD1CA0313B0076DD14 /* NoteBook */ = {
			isa = PBXNativeTarget;
			buildConfigurationList = 53FCD11B1CA0313B0076DD14 /* Build configuration list for PBXNativeTarget "NoteBook" */;
			buildPhases = (
				53FCD0FA1CA0313B0076DD14 /* Sources */,
				53FCD0FB1CA0313B0076DD14 /* Frameworks */,
				53FCD0FC1CA0313B0076DD14 /* Resources */,
			);
			buildRules = (
			);
			dependencies = (
			);
			name = NoteBook;
			productName = NoteBook;
			productReference = 53FCD0FE1CA0313B0076DD14 /* NoteBook.app */;
			productType = "com.apple.product-type.application";
		};
		53FCD1111CA0313B0076DD14 /* NoteBookTests */ = {
			isa = PBXNativeTarget;
			buildConfigurationList = 53FCD11E1CA0313B0076DD14 /* Build configuration list for PBXNativeTarget "NoteBookTests" */;
			buildPhases = (
				53FCD10E1CA0313B0076DD14 /* Sources */,
				53FCD10F1CA0313B0076DD14 /* Frameworks */,
				53FCD1101CA0313B0076DD14 /* Resources */,
			);
			buildRules = (
			);
			dependencies = (
				53FCD1141CA0313B0076DD14 /* PBXTargetDependency */,
			);
			name = NoteBookTests;
			productName = NoteBookTests;
			productReference = 53FCD1121CA0313B0076DD14 /* NoteBookTests.xctest */;
			productType = "com.apple.product-type.bundle.unit-test";
		};
/* End PBXNativeTarget section */

/* Begin PBXProject section */
		53FCD0F61CA0313B0076DD14 /* Project object */ = {
			isa = PBXProject;
			attributes = {
				LastSwiftUpdateCheck = 0710;
				LastUpgradeCheck = 0710;
				ORGANIZATIONNAME = "Super Tuper Apps";
				TargetAttributes = {
					53FCD0FD1CA0313B0076DD14 = {
						CreatedOnToolsVersion = 7.1.1;
						DevelopmentTeam = 6C9QUF4F5M;
					};
					53FCD1111CA0313B0076DD14 = {
						CreatedOnToolsVersion = 7.1.1;
						DevelopmentTeam = 6C9QUF4F5M;
						TestTargetID = 53FCD0FD1CA0313B0076DD14;
					};
				};
			};
			buildConfigurationList = 53FCD0F91CA0313B0076DD14 /* Build configuration list for PBXProject "NoteBook" */;
			compatibilityVersion = "Xcode 3.2";
			developmentRegion = English;
			hasScannedForEncodings = 0;
			knownRegions = (
				en,
				Base,
			);
			mainGroup = 53FCD0F51CA0313B0076DD14;
			productRefGroup = 53FCD0FF1CA0313B0076DD14 /* Products */;
			projectDirPath = "";
			projectRoot = "";
			targets = (
				53FCD0FD1CA0313B0076DD14 /* NoteBook */,
				53FCD1111CA0313B0076DD14 /* NoteBookTests */,
			);
		};
/* End PBXProject section */

/* Begin PBXResourcesBuildPhase section */
		53FCD0FC1CA0313B0076DD14 /* Resources */ = {
			isa = PBXResourcesBuildPhase;
			buildActionMask = 2147483647;
			files = (
				53FCD10C1CA0313B0076DD14 /* LaunchScreen.storyboard in Resources */,
				53FCD1091CA0313B0076DD14 /* Assets.xcassets in Resources */,
				53FCD1071CA0313B0076DD14 /* Main.storyboard in Resources */,
			);
			runOnlyForDeploymentPostprocessing = 0;
		};
		53FCD1101CA0313B0076DD14 /* Resources */ = {
			isa = PBXResourcesBuildPhase;
			buildActionMask = 2147483647;
			files = (
			);
			runOnlyForDeploymentPostprocessing = 0;
		};
/* End PBXResourcesBuildPhase section */

/* Begin PBXSourcesBuildPhase section */
		53FCD0FA1CA0313B0076DD14 /* Sources */ = {
			isa = PBXSourcesBuildPhase;
			buildActionMask = 2147483647;
			files = (
				53FCD1041CA0313B0076DD14 /* ViewController.swift in Sources */,
				53FCD1021CA0313B0076DD14 /* AppDelegate.swift in Sources */,
			);
			runOnlyForDeploymentPostprocessing = 0;
		};
		53FCD10E1CA0313B0076DD14 /* Sources */ = {
			isa = PBXSourcesBuildPhase;
			buildActionMask = 2147483647;
			files = (
				53FCD1171CA0313B0076DD14 /* NoteBookTests.swift in Sources */,
			);
			runOnlyForDeploymentPostprocessing = 0;
		};
/* End PBXSourcesBuildPhase section */

/* Begin PBXTargetDependency section */
		53FCD1141CA0313B0076DD14 /* PBXTargetDependency */ = {
			isa = PBXTargetDependency;
			target = 53FCD0FD1CA0313B0076DD14 /* NoteBook */;
			targetProxy = 53FCD1131CA0313B0076DD14 /* PBXContainerItemProxy */;
		};
/* End PBXTargetDependency section */

/* Begin PBXVariantGroup section */
		53FCD1051CA0313B0076DD14 /* Main.storyboard */ = {
			isa = PBXVariantGroup;
			children = (
				53FCD1061CA0313B0076DD14 /* Base */,
			);
			name = Main.storyboard;
			sourceTree = "<group>";
		};
		53FCD10A1CA0313B0076DD14 /* LaunchScreen.storyboard */ = {
			isa = PBXVariantGroup;
			children = (
				53FCD10B1CA0313B0076DD14 /* Base */,
			);
			name = LaunchScreen.storyboard;
			sourceTree = "<group>";
		};
/* End PBXVariantGroup section */

/* Begin XCBuildConfiguration section */
		53FCD1191CA0313B0076DD14 /* Debug */ = {
			isa = XCBuildConfiguration;
			buildSettings = {
				ALWAYS_SEARCH_USER_PATHS = NO;
				CLANG_CXX_LANGUAGE_STANDARD = "gnu++0x";
				CLANG_CXX_LIBRARY = "libc++";
				CLANG_ENABLE_MODULES = YES;
				CLANG_ENABLE_OBJC_ARC = YES;
				CLANG_WARN_BOOL_CONVERSION = YES;
				CLANG_WARN_CONSTANT_CONVERSION = YES;
				CLANG_WARN_DIRECT_OBJC_ISA_USAGE = YES_ERROR;
				CLANG_WARN_EMPTY_BODY = YES;
				CLANG_WARN_ENUM_CONVERSION = YES;
				CLANG_WARN_INT_CONVERSION = YES;
				CLANG_WARN_OBJC_ROOT_CLASS = YES_ERROR;
				CLANG_WARN_UNREACHABLE_CODE = YES;
				CLANG_WARN__DUPLICATE_METHOD_MATCH = YES;
				"CODE_SIGN_IDENTITY[sdk=iphoneos*]" = "iPhone Developer";
				COPY_PHASE_STRIP = NO;
				DEBUG_INFORMATION_FORMAT = dwarf;
				ENABLE_STRICT_OBJC_MSGSEND = YES;
				ENABLE_TESTABILITY = YES;
				GCC_C_LANGUAGE_STANDARD = gnu99;
				GCC_DYNAMIC_NO_PIC = NO;
				GCC_NO_COMMON_BLOCKS = YES;
				GCC_OPTIMIZATION_LEVEL = 0;
				GCC_PREPROCESSOR_DEFINITIONS = (
					"DEBUG=1",
					"$(inherited)",
				);
				GCC_WARN_64_TO_32_BIT_CONVERSION = YES;
				GCC_WARN_ABOUT_RETURN_TYPE = YES_ERROR;
				GCC_WARN_UNDECLARED_SELECTOR = YES;
				GCC_WARN_UNINITIALIZED_AUTOS = YES_AGGRESSIVE;
				GCC_WARN_UNUSED_FUNCTION = YES;
				GCC_WARN_UNUSED_VARIABLE = YES;
				IPHONEOS_DEPLOYMENT_TARGET = 9.1;
				MTL_ENABLE_DEBUG_INFO = YES;
				ONLY_ACTIVE_ARCH = YES;
				SDKROOT = iphoneos;
				SWIFT_OPTIMIZATION_LEVEL = "-Onone";
				TARGETED_DEVICE_FAMILY = "1,2";
			};
			name = Debug;
		};
		53FCD11A1CA0313B0076DD14 /* Release */ = {
			isa = XCBuildConfiguration;
			buildSettings = {
				ALWAYS_SEARCH_USER_PATHS = NO;
				CLANG_CXX_LANGUAGE_STANDARD = "gnu++0x";
				CLANG_CXX_LIBRARY = "libc++";
				CLANG_ENABLE_MODULES = YES;
				CLANG_ENABLE_OBJC_ARC = YES;
				CLANG_WARN_BOOL_CONVERSION = YES;
				CLANG_WARN_CONSTANT_CONVERSION = YES;
				CLANG_WARN_DIRECT_OBJC_ISA_USAGE = YES_ERROR;
				CLANG_WARN_EMPTY_BODY = YES;
				CLANG_WARN_ENUM_CONVERSION = YES;
				CLANG_WARN_INT_CONVERSION = YES;
				CLANG_WARN_OBJC_ROOT_CLASS = YES_ERROR;
				CLANG_WARN_UNREACHABLE_CODE = YES;
				CLANG_WARN__DUPLICATE_METHOD_MATCH = YES;
				"CODE_SIGN_IDENTITY[sdk=iphoneos*]" = "iPhone Developer";
				COPY_PHASE_STRIP = NO;
				DEBUG_INFORMATION_FORMAT = "dwarf-with-dsym";
				ENABLE_NS_ASSERTIONS = NO;
				ENABLE_STRICT_OBJC_MSGSEND = YES;
				GCC_C_LANGUAGE_STANDARD = gnu99;
				GCC_NO_COMMON_BLOCKS = YES;
				GCC_WARN_64_TO_32_BIT_CONVERSION = YES;
				GCC_WARN_ABOUT_RETURN_TYPE = YES_ERROR;
				GCC_WARN_UNDECLARED_SELECTOR = YES;
				GCC_WARN_UNINITIALIZED_AUTOS = YES_AGGRESSIVE;
				GCC_WARN_UNUSED_FUNCTION = YES;
				GCC_WARN_UNUSED_VARIABLE = YES;
				IPHONEOS_DEPLOYMENT_TARGET = 9.1;
				MTL_ENABLE_DEBUG_INFO = NO;
				SDKROOT = iphoneos;
				TARGETED_DEVICE_FAMILY = "1,2";
				VALIDATE_PRODUCT = YES;
			};
			name = Release;
		};
		53FCD11C1CA0313B0076DD14 /* Debug */ = {
			isa = XCBuildConfiguration;
			buildSettings = {
				ASSETCATALOG_COMPILER_APPICON_NAME = AppIcon;
				INFOPLIST_FILE = NoteBook/Info.plist;
				LD_RUNPATH_SEARCH_PATHS = "$(inherited) @executable_path/Frameworks";
				PRODUCT_BUNDLE_IDENTIFIER = com.supertuperapps.NoteBook;
				PRODUCT_NAME = "$(TARGET_NAME)";
			};
			name = Debug;
		};
		53FCD11D1CA0313B0076DD14 /* Release */ = {
			isa = XCBuildConfiguration;
			buildSettings = {
				ASSETCATALOG_COMPILER_APPICON_NAME = AppIcon;
				INFOPLIST_FILE = NoteBook/Info.plist;
				LD_RUNPATH_SEARCH_PATHS = "$(inherited) @executable_path/Frameworks";
				PRODUCT_BUNDLE_IDENTIFIER = com.supertuperapps.NoteBook;
				PRODUCT_NAME = "$(TARGET_NAME)";
			};
			name = Release;
		};
		53FCD11F1CA0313B0076DD14 /* Debug */ = {
			isa = XCBuildConfiguration;
			buildSettings = {
				BUNDLE_LOADER = "$(TEST_HOST)";
				INFOPLIST_FILE = NoteBookTests/Info.plist;
				LD_RUNPATH_SEARCH_PATHS = "$(inherited) @executable_path/Frameworks @loader_path/Frameworks";
				PRODUCT_BUNDLE_IDENTIFIER = com.supertuperapps.NoteBookTests;
				PRODUCT_NAME = "$(TARGET_NAME)";
				TEST_HOST = "$(BUILT_PRODUCTS_DIR)/NoteBook.app/NoteBook";
			};
			name = Debug;
		};
		53FCD1201CA0313B0076DD14 /* Release */ = {
			isa = XCBuildConfiguration;
			buildSettings = {
				BUNDLE_LOADER = "$(TEST_HOST)";
				INFOPLIST_FILE = NoteBookTests/Info.plist;
				LD_RUNPATH_SEARCH_PATHS = "$(inherited) @executable_path/Frameworks @loader_path/Frameworks";
				PRODUCT_BUNDLE_IDENTIFIER = com.supertuperapps.NoteBookTests;
				PRODUCT_NAME = "$(TARGET_NAME)";
				TEST_HOST = "$(BUILT_PRODUCTS_DIR)/NoteBook.app/NoteBook";
			};
			name = Release;
		};
/* End XCBuildConfiguration section */

/* Begin XCConfigurationList section */
		53FCD0F91CA0313B0076DD14 /* Build configuration list for PBXProject "NoteBook" */ = {
			isa = XCConfigurationList;
			buildConfigurations = (
				53FCD1191CA0313B0076DD14 /* Debug */,
				53FCD11A1CA0313B0076DD14 /* Release */,
			);
			defaultConfigurationIsVisible = 0;
			defaultConfigurationName = Release;
		};
		53FCD11B1CA0313B0076DD14 /* Build configuration list for PBXNativeTarget "NoteBook" */ = {
			isa = XCConfigurationList;
			buildConfigurations = (
				53FCD11C1CA0313B0076DD14 /* Debug */,
				53FCD11D1CA0313B0076DD14 /* Release */,
			);
			defaultConfigurationIsVisible = 0;
		};
		53FCD11E1CA0313B0076DD14 /* Build configuration list for PBXNativeTarget "NoteBookTests" */ = {
			isa = XCConfigurationList;
			buildConfigurations = (
				53FCD11F1CA0313B0076DD14 /* Debug */,
				53FCD1201CA0313B0076DD14 /* Release */,
			);
			defaultConfigurationIsVisible = 0;
		};
/* End XCConfigurationList section */
	};
	rootObject = 53FCD0F61CA0313B0076DD14 /* Project object */;
}
